
Microsoft Visual Studio Solution File, Format Version 12.00
# Visual Studio Version 17
VisualStudioVersion = 17.2.32422.2
MinimumVisualStudioVersion = 10.0.40219.1
Project("{8BC9CEB8-8B4A-11D0-8D11-00A0C91BC942}") = "TypeAProgramA", "TypeAProgramA\TypeAProgramA.vcxproj", "{A605D7D3-DA2F-4963-BF36-BF78A8058D5F}"
EndProject
Project("{2150E333-8FDC-42A3-9474-1A3956D46DE8}") = "TypeA, Serial", "TypeA, Serial", "{DB713443-D881-4F1B-8598-8B472F6E79EB}"
EndProject
Project("{8BC9CEB8-8B4A-11D0-8D11-00A0C91BC942}") = "TypeAProgramB", "TypeAProgramB\TypeAProgramB.vcxproj", "{52BC8794-5681-48EC-A914-489E4DF20406}"
EndProject
Project("{2150E333-8FDC-42A3-9474-1A3956D46DE8}") = "TypeB, File Maps", "TypeB, File Maps", "{53AD967D-FDD3-4047-8844-E45CDC5EF303}"
EndProject
Project("{8BC9CEB8-8B4A-11D0-8D11-00A0C91BC942}") = "TypeBProgramA", "TypeBProgramA\TypeBProgramA.vcxproj", "{58D36248-1B83-4CE7-9094-E6AB8C1E3CDB}"
EndProject
Project("{8BC9CEB8-8B4A-11D0-8D11-00A0C91BC942}") = "TypeBProgramB", "TypeBProgramB\TypeBProgramB.vcxproj", "{DD0A0A88-701E-42F7-9701-C1A94466CA65}"
EndProject
Project("{2150E333-8FDC-42A3-9474-1A3956D46DE8}") = "Practical", "Practical", "{FC4640EB-971E-4DD0-B96A-47233A43FEFE}"
EndProject
Project("{8BC9CEB8-8B4A-11D0-8D11-00A0C91BC942}") = "PracticalA", "PracticalA\PracticalA.vcxproj", "{212341D5-EEF1-419F-8C8A-E9D70562D557}"
EndProject
Project("{8BC9CEB8-8B4A-11D0-8D11-00A0C91BC942}") = "PracticalCommon", "PracticalCommon\PracticalCommon.vcxitems", "{198F7158-72A7-4312-9E18-DA3375796EFA}"
EndProject
Project("{8BC9CEB8-8B4A-11D0-8D11-00A0C91BC942}") = "PracticalB", "PracticalB\PracticalB.vcxproj", "{83324019-A201-49BF-883F-63F773736208}"
EndProject
Project("{FAE04EC0-301F-11D3-BF4B-00C04F79EFBC}") = "PracticalC", "PracticalC\PracticalC.csproj", "{6B041839-6F90-4210-A400-B181556BFFA4}"
EndProject
Global
	GlobalSection(SolutionConfigurationPlatforms) = preSolution
		Debug|Any CPU = Debug|Any CPU
		Debug|x64 = Debug|x64
		Debug|x86 = Debug|x86
		Release|Any CPU = Release|Any CPU
		Release|x64 = Release|x64
		Release|x86 = Release|x86
	EndGlobalSection
	GlobalSection(ProjectConfigurationPlatforms) = postSolution
		{A605D7D3-DA2F-4963-BF36-BF78A8058D5F}.Debug|Any CPU.ActiveCfg = Debug|x64
		{A605D7D3-DA2F-4963-BF36-BF78A8058D5F}.Debug|Any CPU.Build.0 = Debug|x64
		{A605D7D3-DA2F-4963-BF36-BF78A8058D5F}.Debug|x64.ActiveCfg = Debug|x64
		{A605D7D3-DA2F-4963-BF36-BF78A8058D5F}.Debug|x64.Build.0 = Debug|x64
		{A605D7D3-DA2F-4963-BF36-BF78A8058D5F}.Debug|x86.ActiveCfg = Debug|Win32
		{A605D7D3-DA2F-4963-BF36-BF78A8058D5F}.Debug|x86.Build.0 = Debug|Win32
		{A605D7D3-DA2F-4963-BF36-BF78A8058D5F}.Release|Any CPU.ActiveCfg = Release|x64
		{A605D7D3-DA2F-4963-BF36-BF78A8058D5F}.Release|Any CPU.Build.0 = Release|x64
		{A605D7D3-DA2F-4963-BF36-BF78A8058D5F}.Release|x64.ActiveCfg = Release|x64
		{A605D7D3-DA2F-4963-BF36-BF78A8058D5F}.Release|x64.Build.0 = Release|x64
		{A605D7D3-DA2F-4963-BF36-BF78A8058D5F}.Release|x86.ActiveCfg = Release|Win32
		{A605D7D3-DA2F-4963-BF36-BF78A8058D5F}.Release|x86.Build.0 = Release|Win32
		{52BC8794-5681-48EC-A914-489E4DF20406}.Debug|Any CPU.ActiveCfg = Debug|x64
		{52BC8794-5681-48EC-A914-489E4DF20406}.Debug|Any CPU.Build.0 = Debug|x64
		{52BC8794-5681-48EC-A914-489E4DF20406}.Debug|x64.ActiveCfg = Debug|x64
		{52BC8794-5681-48EC-A914-489E4DF20406}.Debug|x64.Build.0 = Debug|x64
		{52BC8794-5681-48EC-A914-489E4DF20406}.Debug|x86.ActiveCfg = Debug|Win32
		{52BC8794-5681-48EC-A914-489E4DF20406}.Debug|x86.Build.0 = Debug|Win32
		{52BC8794-5681-48EC-A914-489E4DF20406}.Release|Any CPU.ActiveCfg = Release|x64
		{52BC8794-5681-48EC-A914-489E4DF20406}.Release|Any CPU.Build.0 = Release|x64
		{52BC8794-5681-48EC-A914-489E4DF20406}.Release|x64.ActiveCfg = Release|x64
		{52BC8794-5681-48EC-A914-489E4DF20406}.Release|x64.Build.0 = Release|x64
		{52BC8794-5681-48EC-A914-489E4DF20406}.Release|x86.ActiveCfg = Release|Win32
		{52BC8794-5681-48EC-A914-489E4DF20406}.Release|x86.Build.0 = Release|Win32
		{58D36248-1B83-4CE7-9094-E6AB8C1E3CDB}.Debug|Any CPU.ActiveCfg = Debug|x64
		{58D36248-1B83-4CE7-9094-E6AB8C1E3CDB}.Debug|Any CPU.Build.0 = Debug|x64
		{58D36248-1B83-4CE7-9094-E6AB8C1E3CDB}.Debug|x64.ActiveCfg = Debug|x64
		{58D36248-1B83-4CE7-9094-E6AB8C1E3CDB}.Debug|x64.Build.0 = Debug|x64
		{58D36248-1B83-4CE7-9094-E6AB8C1E3CDB}.Debug|x86.ActiveCfg = Debug|Win32
		{58D36248-1B83-4CE7-9094-E6AB8C1E3CDB}.Debug|x86.Build.0 = Debug|Win32
		{58D36248-1B83-4CE7-9094-E6AB8C1E3CDB}.Release|Any CPU.ActiveCfg = Release|x64
		{58D36248-1B83-4CE7-9094-E6AB8C1E3CDB}.Release|Any CPU.Build.0 = Release|x64
		{58D36248-1B83-4CE7-9094-E6AB8C1E3CDB}.Release|x64.ActiveCfg = Release|x64
		{58D36248-1B83-4CE7-9094-E6AB8C1E3CDB}.Release|x64.Build.0 = Release|x64
		{58D36248-1B83-4CE7-9094-E6AB8C1E3CDB}.Release|x86.ActiveCfg = Release|Win32
		{58D36248-1B83-4CE7-9094-E6AB8C1E3CDB}.Release|x86.Build.0 = Release|Win32
		{DD0A0A88-701E-42F7-9701-C1A94466CA65}.Debug|Any CPU.ActiveCfg = Debug|x64
		{DD0A0A88-701E-42F7-9701-C1A94466CA65}.Debug|Any CPU.Build.0 = Debug|x64
		{DD0A0A88-701E-42F7-9701-C1A94466CA65}.Debug|x64.ActiveCfg = Debug|x64
		{DD0A0A88-701E-42F7-9701-C1A94466CA65}.Debug|x64.Build.0 = Debug|x64
		{DD0A0A88-701E-42F7-9701-C1A94466CA65}.Debug|x86.ActiveCfg = Debug|Win32
		{DD0A0A88-701E-42F7-9701-C1A94466CA65}.Debug|x86.Build.0 = Debug|Win32
		{DD0A0A88-701E-42F7-9701-C1A94466CA65}.Release|Any CPU.ActiveCfg = Release|x64
		{DD0A0A88-701E-42F7-9701-C1A94466CA65}.Release|Any CPU.Build.0 = Release|x64
		{DD0A0A88-701E-42F7-9701-C1A94466CA65}.Release|x64.ActiveCfg = Release|x64
		{DD0A0A88-701E-42F7-9701-C1A94466CA65}.Release|x64.Build.0 = Release|x64
		{DD0A0A88-701E-42F7-9701-C1A94466CA65}.Release|x86.ActiveCfg = Release|Win32
		{DD0A0A88-701E-42F7-9701-C1A94466CA65}.Release|x86.Build.0 = Release|Win32
		{212341D5-EEF1-419F-8C8A-E9D70562D557}.Debug|Any CPU.ActiveCfg = Debug|x64
		{212341D5-EEF1-419F-8C8A-E9D70562D557}.Debug|Any CPU.Build.0 = Debug|x64
		{212341D5-EEF1-419F-8C8A-E9D70562D557}.Debug|x64.ActiveCfg = Debug|x64
		{212341D5-EEF1-419F-8C8A-E9D70562D557}.Debug|x64.Build.0 = Debug|x64
		{212341D5-EEF1-419F-8C8A-E9D70562D557}.Debug|x86.ActiveCfg = Debug|Win32
		{212341D5-EEF1-419F-8C8A-E9D70562D557}.Debug|x86.Build.0 = Debug|Win32
		{212341D5-EEF1-419F-8C8A-E9D70562D557}.Release|Any CPU.ActiveCfg = Release|x64
		{212341D5-EEF1-419F-8C8A-E9D70562D557}.Release|Any CPU.Build.0 = Release|x64
		{212341D5-EEF1-419F-8C8A-E9D70562D557}.Release|x64.ActiveCfg = Release|x64
		{212341D5-EEF1-419F-8C8A-E9D70562D557}.Release|x64.Build.0 = Release|x64
		{212341D5-EEF1-419F-8C8A-E9D70562D557}.Release|x86.ActiveCfg = Release|Win32
		{212341D5-EEF1-419F-8C8A-E9D70562D557}.Release|x86.Build.0 = Release|Win32
		{83324019-A201-49BF-883F-63F773736208}.Debug|Any CPU.ActiveCfg = Debug|x64
		{83324019-A201-49BF-883F-63F773736208}.Debug|Any CPU.Build.0 = Debug|x64
		{83324019-A201-49BF-883F-63F773736208}.Debug|x64.ActiveCfg = Debug|x64
		{83324019-A201-49BF-883F-63F773736208}.Debug|x64.Build.0 = Debug|x64
		{83324019-A201-49BF-883F-63F773736208}.Debug|x86.ActiveCfg = Debug|Win32
		{83324019-A201-49BF-883F-63F773736208}.Debug|x86.Build.0 = Debug|Win32
		{83324019-A201-49BF-883F-63F773736208}.Release|Any CPU.ActiveCfg = Release|x64
		{83324019-A201-49BF-883F-63F773736208}.Release|Any CPU.Build.0 = Release|x64
		{83324019-A201-49BF-883F-63F773736208}.Release|x64.ActiveCfg = Release|x64
		{83324019-A201-49BF-883F-63F773736208}.Release|x64.Build.0 = Release|x64
		{83324019-A201-49BF-883F-63F773736208}.Release|x86.ActiveCfg = Release|Win32
		{83324019-A201-49BF-883F-63F773736208}.Release|x86.Build.0 = Release|Win32
		{6B041839-6F90-4210-A400-B181556BFFA4}.Debug|Any CPU.ActiveCfg = Debug|Any CPU
		{6B041839-6F90-4210-A400-B181556BFFA4}.Debug|Any CPU.Build.0 = Debug|Any CPU
		{6B041839-6F90-4210-A400-B181556BFFA4}.Debug|x64.ActiveCfg = Debug|Any CPU
		{6B041839-6F90-4210-A400-B181556BFFA4}.Debug|x64.Build.0 = Debug|Any CPU
		{6B041839-6F90-4210-A400-B181556BFFA4}.Debug|x86.ActiveCfg = Debug|Any CPU
		{6B041839-6F90-4210-A400-B181556BFFA4}.Debug|x86.Build.0 = Debug|Any CPU
		{6B041839-6F90-4210-A400-B181556BFFA4}.Release|Any CPU.ActiveCfg = Release|Any CPU
		{6B041839-6F90-4210-A400-B181556BFFA4}.Release|Any CPU.Build.0 = Release|Any CPU
		{6B041839-6F90-4210-A400-B181556BFFA4}.Release|x64.ActiveCfg = Release|Any CPU
		{6B041839-6F90-4210-A400-B181556BFFA4}.Release|x64.Build.0 = Release|Any CPU
		{6B041839-6F90-4210-A400-B181556BFFA4}.Release|x86.ActiveCfg = Release|Any CPU
		{6B041839-6F90-4210-A400-B181556BFFA4}.Release|x86.Build.0 = Release|Any CPU
	EndGlobalSection
	GlobalSection(SolutionProperties) = preSolution
		HideSolutionNode = FALSE
	EndGlobalSection
	GlobalSection(NestedProjects) = preSolution
		{A605D7D3-DA2F-4963-BF36-BF78A8058D5F} = {DB713443-D881-4F1B-8598-8B472F6E79EB}
		{52BC8794-5681-48EC-A914-489E4DF20406} = {DB713443-D881-4F1B-8598-8B472F6E79EB}
		{58D36248-1B83-4CE7-9094-E6AB8C1E3CDB} = {53AD967D-FDD3-4047-8844-E45CDC5EF303}
		{DD0A0A88-701E-42F7-9701-C1A94466CA65} = {53AD967D-FDD3-4047-8844-E45CDC5EF303}
		{212341D5-EEF1-419F-8C8A-E9D70562D557} = {FC4640EB-971E-4DD0-B96A-47233A43FEFE}
		{198F7158-72A7-4312-9E18-DA3375796EFA} = {FC4640EB-971E-4DD0-B96A-47233A43FEFE}
		{83324019-A201-49BF-883F-63F773736208} = {FC4640EB-971E-4DD0-B96A-47233A43FEFE}
		{6B041839-6F90-4210-A400-B181556BFFA4} = {FC4640EB-971E-4DD0-B96A-47233A43FEFE}
	EndGlobalSection
	GlobalSection(ExtensibilityGlobals) = postSolution
		SolutionGuid = {EC03B4DF-33E1-414D-9817-711928E6B2C3}
	EndGlobalSection
	GlobalSection(SharedMSBuildProjectFiles) = preSolution
		PracticalCommon\PracticalCommon.vcxitems*{198f7158-72a7-4312-9e18-da3375796efa}*SharedItemsImports = 9
		PracticalCommon\PracticalCommon.vcxitems*{212341d5-eef1-419f-8c8a-e9d70562d557}*SharedItemsImports = 4
		PracticalCommon\PracticalCommon.vcxitems*{83324019-a201-49bf-883f-63f773736208}*SharedItemsImports = 4
	EndGlobalSection
EndGlobal
