
Microsoft Visual Studio Solution File, Format Version 12.00
# Visual Studio Version 17
VisualStudioVersion = 17.2.32422.2
MinimumVisualStudioVersion = 10.0.40219.1
Project("{2150E333-8FDC-42A3-9474-1A3956D46DE8}") = "Type A Serial", "Type A Serial", "{438CBF71-B84E-41C7-8876-1CD6E8328C74}"
EndProject
Project("{8BC9CEB8-8B4A-11D0-8D11-00A0C91BC942}") = "TypeAProgramA", "TypeASerial\TypeAProgramA\TypeAProgramA.vcxproj", "{A605D7D3-DA2F-4963-BF36-BF78A8058D5F}"
EndProject
Project("{8BC9CEB8-8B4A-11D0-8D11-00A0C91BC942}") = "TypeAProgramB", "TypeASerial\TypeAProgramB\TypeAProgramB.vcxproj", "{52BC8794-5681-48EC-A914-489E4DF20406}"
EndProject
Project("{2150E333-8FDC-42A3-9474-1A3956D46DE8}") = "Type B File Maps", "Type B File Maps", "{5DE0C24D-7CE2-4609-AE62-D2B8B0332D5D}"
EndProject
Project("{8BC9CEB8-8B4A-11D0-8D11-00A0C91BC942}") = "TypeBProgramA", "TypeBFileMap\TypeBProgramA\TypeBProgramA.vcxproj", "{58D36248-1B83-4CE7-9094-E6AB8C1E3CDB}"
EndProject
Project("{8BC9CEB8-8B4A-11D0-8D11-00A0C91BC942}") = "TypeBProgramB", "TypeBFileMap\TypeBProgramB\TypeBProgramB.vcxproj", "{DD0A0A88-701E-42F7-9701-C1A94466CA65}"
EndProject
Project("{2150E333-8FDC-42A3-9474-1A3956D46DE8}") = "Practical", "Practical", "{6D89391A-D4F3-43C4-B39B-1C0E12ECCC74}"
EndProject
Project("{8BC9CEB8-8B4A-11D0-8D11-00A0C91BC942}") = "PracticalA", "TypeBFileMap\TypeBPractical\PracticalA\PracticalA.vcxproj", "{212341D5-EEF1-419F-8C8A-E9D70562D557}"
EndProject
Project("{8BC9CEB8-8B4A-11D0-8D11-00A0C91BC942}") = "PracticalB", "TypeBFileMap\TypeBPractical\PracticalB\PracticalB.vcxproj", "{83324019-A201-49BF-883F-63F773736208}"
EndProject
Project("{FAE04EC0-301F-11D3-BF4B-00C04F79EFBC}") = "PracticalC", "TypeBFileMap\TypeBPractical\PracticalC\PracticalC.csproj", "{6B041839-6F90-4210-A400-B181556BFFA4}"
EndProject
Project("{8BC9CEB8-8B4A-11D0-8D11-00A0C91BC942}") = "PracticalCommon", "TypeBFileMap\TypeBPractical\PracticalCommon\PracticalCommon.vcxitems", "{198F7158-72A7-4312-9E18-DA3375796EFA}"
EndProject
Project("{2150E333-8FDC-42A3-9474-1A3956D46DE8}") = "Type C Pipes", "Type C Pipes", "{25F3C7F0-5451-4458-99C5-240362D89A53}"
EndProject
Project("{8BC9CEB8-8B4A-11D0-8D11-00A0C91BC942}") = "TypeCProgramA", "TypeCPipes\TypeCProgramA\TypeCProgramA.vcxproj", "{8C76D414-29FE-469E-A5B4-C133043344C6}"
EndProject
Project("{8BC9CEB8-8B4A-11D0-8D11-00A0C91BC942}") = "TypeCProgramB", "TypeCPipes\TypeCProgramB\TypeCProgramB.vcxproj", "{006190F7-6117-45E4-876F-70D1B89299AF}"
EndProject
Project("{9A19103F-16F7-4668-BE54-9A1E7A4F7556}") = "TypeCProgramC", "TypeCPipes\TypeCProgramC\TypeCProgramC.csproj", "{E717D2B3-6B81-4766-8846-64A654C80B85}"
EndProject
Project("{2150E333-8FDC-42A3-9474-1A3956D46DE8}") = "Practical", "Practical", "{85C21E0D-EABD-4B94-9EE8-9BE99099C34B}"
EndProject
Project("{8BC9CEB8-8B4A-11D0-8D11-00A0C91BC942}") = "TypeCCommon", "TypeCPipes\TypeCCommon\TypeCCommon.vcxitems", "{78B663AC-1234-41CF-821D-3A8BA6EB8EE1}"
EndProject
Project("{8BC9CEB8-8B4A-11D0-8D11-00A0C91BC942}") = "HostProcess", "TypeCPipes\TypeCPractical\HostProcess\HostProcess.vcxproj", "{F4F9BF9E-8536-42D1-A6C9-22AE7BBDAF52}"
EndProject
Project("{8BC9CEB8-8B4A-11D0-8D11-00A0C91BC942}") = "CPPCommon", "TypeCPipes\TypeCPractical\CPPCommon\CPPCommon.vcxitems", "{7958C914-EBA0-4482-81B1-5497CE9546FA}"
EndProject
Global
	GlobalSection(SolutionConfigurationPlatforms) = preSolution
		Debug|Any CPU = Debug|Any CPU
		Debug|x64 = Debug|x64
		Debug|x86 = Debug|x86
		Release|Any CPU = Release|Any CPU
		Release|x64 = Release|x64
		Release|x86 = Release|x86
	EndGlobalSection
	GlobalSection(ProjectConfigurationPlatforms) = postSolution
		{A605D7D3-DA2F-4963-BF36-BF78A8058D5F}.Debug|Any CPU.ActiveCfg = Debug|x64
		{A605D7D3-DA2F-4963-BF36-BF78A8058D5F}.Debug|Any CPU.Build.0 = Debug|x64
		{A605D7D3-DA2F-4963-BF36-BF78A8058D5F}.Debug|x64.ActiveCfg = Debug|x64
		{A605D7D3-DA2F-4963-BF36-BF78A8058D5F}.Debug|x64.Build.0 = Debug|x64
		{A605D7D3-DA2F-4963-BF36-BF78A8058D5F}.Debug|x86.ActiveCfg = Debug|Win32
		{A605D7D3-DA2F-4963-BF36-BF78A8058D5F}.Debug|x86.Build.0 = Debug|Win32
		{A605D7D3-DA2F-4963-BF36-BF78A8058D5F}.Release|Any CPU.ActiveCfg = Release|x64
		{A605D7D3-DA2F-4963-BF36-BF78A8058D5F}.Release|Any CPU.Build.0 = Release|x64
		{A605D7D3-DA2F-4963-BF36-BF78A8058D5F}.Release|x64.ActiveCfg = Release|x64
		{A605D7D3-DA2F-4963-BF36-BF78A8058D5F}.Release|x64.Build.0 = Release|x64
		{A605D7D3-DA2F-4963-BF36-BF78A8058D5F}.Release|x86.ActiveCfg = Release|Win32
		{A605D7D3-DA2F-4963-BF36-BF78A8058D5F}.Release|x86.Build.0 = Release|Win32
		{52BC8794-5681-48EC-A914-489E4DF20406}.Debug|Any CPU.ActiveCfg = Debug|x64
		{52BC8794-5681-48EC-A914-489E4DF20406}.Debug|Any CPU.Build.0 = Debug|x64
		{52BC8794-5681-48EC-A914-489E4DF20406}.Debug|x64.ActiveCfg = Debug|x64
		{52BC8794-5681-48EC-A914-489E4DF20406}.Debug|x64.Build.0 = Debug|x64
		{52BC8794-5681-48EC-A914-489E4DF20406}.Debug|x86.ActiveCfg = Debug|Win32
		{52BC8794-5681-48EC-A914-489E4DF20406}.Debug|x86.Build.0 = Debug|Win32
		{52BC8794-5681-48EC-A914-489E4DF20406}.Release|Any CPU.ActiveCfg = Release|x64
		{52BC8794-5681-48EC-A914-489E4DF20406}.Release|Any CPU.Build.0 = Release|x64
		{52BC8794-5681-48EC-A914-489E4DF20406}.Release|x64.ActiveCfg = Release|x64
		{52BC8794-5681-48EC-A914-489E4DF20406}.Release|x64.Build.0 = Release|x64
		{52BC8794-5681-48EC-A914-489E4DF20406}.Release|x86.ActiveCfg = Release|Win32
		{52BC8794-5681-48EC-A914-489E4DF20406}.Release|x86.Build.0 = Release|Win32
		{58D36248-1B83-4CE7-9094-E6AB8C1E3CDB}.Debug|Any CPU.ActiveCfg = Debug|x64
		{58D36248-1B83-4CE7-9094-E6AB8C1E3CDB}.Debug|Any CPU.Build.0 = Debug|x64
		{58D36248-1B83-4CE7-9094-E6AB8C1E3CDB}.Debug|x64.ActiveCfg = Debug|x64
		{58D36248-1B83-4CE7-9094-E6AB8C1E3CDB}.Debug|x64.Build.0 = Debug|x64
		{58D36248-1B83-4CE7-9094-E6AB8C1E3CDB}.Debug|x86.ActiveCfg = Debug|Win32
		{58D36248-1B83-4CE7-9094-E6AB8C1E3CDB}.Debug|x86.Build.0 = Debug|Win32
		{58D36248-1B83-4CE7-9094-E6AB8C1E3CDB}.Release|Any CPU.ActiveCfg = Release|x64
		{58D36248-1B83-4CE7-9094-E6AB8C1E3CDB}.Release|Any CPU.Build.0 = Release|x64
		{58D36248-1B83-4CE7-9094-E6AB8C1E3CDB}.Release|x64.ActiveCfg = Release|x64
		{58D36248-1B83-4CE7-9094-E6AB8C1E3CDB}.Release|x64.Build.0 = Release|x64
		{58D36248-1B83-4CE7-9094-E6AB8C1E3CDB}.Release|x86.ActiveCfg = Release|Win32
		{58D36248-1B83-4CE7-9094-E6AB8C1E3CDB}.Release|x86.Build.0 = Release|Win32
		{DD0A0A88-701E-42F7-9701-C1A94466CA65}.Debug|Any CPU.ActiveCfg = Debug|x64
		{DD0A0A88-701E-42F7-9701-C1A94466CA65}.Debug|Any CPU.Build.0 = Debug|x64
		{DD0A0A88-701E-42F7-9701-C1A94466CA65}.Debug|x64.ActiveCfg = Debug|x64
		{DD0A0A88-701E-42F7-9701-C1A94466CA65}.Debug|x64.Build.0 = Debug|x64
		{DD0A0A88-701E-42F7-9701-C1A94466CA65}.Debug|x86.ActiveCfg = Debug|Win32
		{DD0A0A88-701E-42F7-9701-C1A94466CA65}.Debug|x86.Build.0 = Debug|Win32
		{DD0A0A88-701E-42F7-9701-C1A94466CA65}.Release|Any CPU.ActiveCfg = Release|x64
		{DD0A0A88-701E-42F7-9701-C1A94466CA65}.Release|Any CPU.Build.0 = Release|x64
		{DD0A0A88-701E-42F7-9701-C1A94466CA65}.Release|x64.ActiveCfg = Release|x64
		{DD0A0A88-701E-42F7-9701-C1A94466CA65}.Release|x64.Build.0 = Release|x64
		{DD0A0A88-701E-42F7-9701-C1A94466CA65}.Release|x86.ActiveCfg = Release|Win32
		{DD0A0A88-701E-42F7-9701-C1A94466CA65}.Release|x86.Build.0 = Release|Win32
		{212341D5-EEF1-419F-8C8A-E9D70562D557}.Debug|Any CPU.ActiveCfg = Debug|x64
		{212341D5-EEF1-419F-8C8A-E9D70562D557}.Debug|Any CPU.Build.0 = Debug|x64
		{212341D5-EEF1-419F-8C8A-E9D70562D557}.Debug|x64.ActiveCfg = Debug|x64
		{212341D5-EEF1-419F-8C8A-E9D70562D557}.Debug|x64.Build.0 = Debug|x64
		{212341D5-EEF1-419F-8C8A-E9D70562D557}.Debug|x86.ActiveCfg = Debug|Win32
		{212341D5-EEF1-419F-8C8A-E9D70562D557}.Debug|x86.Build.0 = Debug|Win32
		{212341D5-EEF1-419F-8C8A-E9D70562D557}.Release|Any CPU.ActiveCfg = Release|x64
		{212341D5-EEF1-419F-8C8A-E9D70562D557}.Release|Any CPU.Build.0 = Release|x64
		{212341D5-EEF1-419F-8C8A-E9D70562D557}.Release|x64.ActiveCfg = Release|x64
		{212341D5-EEF1-419F-8C8A-E9D70562D557}.Release|x64.Build.0 = Release|x64
		{212341D5-EEF1-419F-8C8A-E9D70562D557}.Release|x86.ActiveCfg = Release|Win32
		{212341D5-EEF1-419F-8C8A-E9D70562D557}.Release|x86.Build.0 = Release|Win32
		{83324019-A201-49BF-883F-63F773736208}.Debug|Any CPU.ActiveCfg = Debug|x64
		{83324019-A201-49BF-883F-63F773736208}.Debug|Any CPU.Build.0 = Debug|x64
		{83324019-A201-49BF-883F-63F773736208}.Debug|x64.ActiveCfg = Debug|x64
		{83324019-A201-49BF-883F-63F773736208}.Debug|x64.Build.0 = Debug|x64
		{83324019-A201-49BF-883F-63F773736208}.Debug|x86.ActiveCfg = Debug|Win32
		{83324019-A201-49BF-883F-63F773736208}.Debug|x86.Build.0 = Debug|Win32
		{83324019-A201-49BF-883F-63F773736208}.Release|Any CPU.ActiveCfg = Release|x64
		{83324019-A201-49BF-883F-63F773736208}.Release|Any CPU.Build.0 = Release|x64
		{83324019-A201-49BF-883F-63F773736208}.Release|x64.ActiveCfg = Release|x64
		{83324019-A201-49BF-883F-63F773736208}.Release|x64.Build.0 = Release|x64
		{83324019-A201-49BF-883F-63F773736208}.Release|x86.ActiveCfg = Release|Win32
		{83324019-A201-49BF-883F-63F773736208}.Release|x86.Build.0 = Release|Win32
		{6B041839-6F90-4210-A400-B181556BFFA4}.Debug|Any CPU.ActiveCfg = Debug|Any CPU
		{6B041839-6F90-4210-A400-B181556BFFA4}.Debug|Any CPU.Build.0 = Debug|Any CPU
		{6B041839-6F90-4210-A400-B181556BFFA4}.Debug|x64.ActiveCfg = Debug|Any CPU
		{6B041839-6F90-4210-A400-B181556BFFA4}.Debug|x64.Build.0 = Debug|Any CPU
		{6B041839-6F90-4210-A400-B181556BFFA4}.Debug|x86.ActiveCfg = Debug|Any CPU
		{6B041839-6F90-4210-A400-B181556BFFA4}.Debug|x86.Build.0 = Debug|Any CPU
		{6B041839-6F90-4210-A400-B181556BFFA4}.Release|Any CPU.ActiveCfg = Release|Any CPU
		{6B041839-6F90-4210-A400-B181556BFFA4}.Release|Any CPU.Build.0 = Release|Any CPU
		{6B041839-6F90-4210-A400-B181556BFFA4}.Release|x64.ActiveCfg = Release|Any CPU
		{6B041839-6F90-4210-A400-B181556BFFA4}.Release|x64.Build.0 = Release|Any CPU
		{6B041839-6F90-4210-A400-B181556BFFA4}.Release|x86.ActiveCfg = Release|Any CPU
		{6B041839-6F90-4210-A400-B181556BFFA4}.Release|x86.Build.0 = Release|Any CPU
		{8C76D414-29FE-469E-A5B4-C133043344C6}.Debug|Any CPU.ActiveCfg = Debug|x64
		{8C76D414-29FE-469E-A5B4-C133043344C6}.Debug|Any CPU.Build.0 = Debug|x64
		{8C76D414-29FE-469E-A5B4-C133043344C6}.Debug|x64.ActiveCfg = Debug|x64
		{8C76D414-29FE-469E-A5B4-C133043344C6}.Debug|x64.Build.0 = Debug|x64
		{8C76D414-29FE-469E-A5B4-C133043344C6}.Debug|x86.ActiveCfg = Debug|Win32
		{8C76D414-29FE-469E-A5B4-C133043344C6}.Debug|x86.Build.0 = Debug|Win32
		{8C76D414-29FE-469E-A5B4-C133043344C6}.Release|Any CPU.ActiveCfg = Release|x64
		{8C76D414-29FE-469E-A5B4-C133043344C6}.Release|Any CPU.Build.0 = Release|x64
		{8C76D414-29FE-469E-A5B4-C133043344C6}.Release|x64.ActiveCfg = Release|x64
		{8C76D414-29FE-469E-A5B4-C133043344C6}.Release|x64.Build.0 = Release|x64
		{8C76D414-29FE-469E-A5B4-C133043344C6}.Release|x86.ActiveCfg = Release|Win32
		{8C76D414-29FE-469E-A5B4-C133043344C6}.Release|x86.Build.0 = Release|Win32
		{006190F7-6117-45E4-876F-70D1B89299AF}.Debug|Any CPU.ActiveCfg = Debug|x64
		{006190F7-6117-45E4-876F-70D1B89299AF}.Debug|Any CPU.Build.0 = Debug|x64
		{006190F7-6117-45E4-876F-70D1B89299AF}.Debug|x64.ActiveCfg = Debug|x64
		{006190F7-6117-45E4-876F-70D1B89299AF}.Debug|x64.Build.0 = Debug|x64
		{006190F7-6117-45E4-876F-70D1B89299AF}.Debug|x86.ActiveCfg = Debug|Win32
		{006190F7-6117-45E4-876F-70D1B89299AF}.Debug|x86.Build.0 = Debug|Win32
		{006190F7-6117-45E4-876F-70D1B89299AF}.Release|Any CPU.ActiveCfg = Release|x64
		{006190F7-6117-45E4-876F-70D1B89299AF}.Release|Any CPU.Build.0 = Release|x64
		{006190F7-6117-45E4-876F-70D1B89299AF}.Release|x64.ActiveCfg = Release|x64
		{006190F7-6117-45E4-876F-70D1B89299AF}.Release|x64.Build.0 = Release|x64
		{006190F7-6117-45E4-876F-70D1B89299AF}.Release|x86.ActiveCfg = Release|Win32
		{006190F7-6117-45E4-876F-70D1B89299AF}.Release|x86.Build.0 = Release|Win32
		{E717D2B3-6B81-4766-8846-64A654C80B85}.Debug|Any CPU.ActiveCfg = Debug|Any CPU
		{E717D2B3-6B81-4766-8846-64A654C80B85}.Debug|Any CPU.Build.0 = Debug|Any CPU
		{E717D2B3-6B81-4766-8846-64A654C80B85}.Debug|x64.ActiveCfg = Debug|Any CPU
		{E717D2B3-6B81-4766-8846-64A654C80B85}.Debug|x64.Build.0 = Debug|Any CPU
		{E717D2B3-6B81-4766-8846-64A654C80B85}.Debug|x86.ActiveCfg = Debug|Any CPU
		{E717D2B3-6B81-4766-8846-64A654C80B85}.Debug|x86.Build.0 = Debug|Any CPU
		{E717D2B3-6B81-4766-8846-64A654C80B85}.Release|Any CPU.ActiveCfg = Release|Any CPU
		{E717D2B3-6B81-4766-8846-64A654C80B85}.Release|Any CPU.Build.0 = Release|Any CPU
		{E717D2B3-6B81-4766-8846-64A654C80B85}.Release|x64.ActiveCfg = Release|Any CPU
		{E717D2B3-6B81-4766-8846-64A654C80B85}.Release|x64.Build.0 = Release|Any CPU
		{E717D2B3-6B81-4766-8846-64A654C80B85}.Release|x86.ActiveCfg = Release|Any CPU
		{E717D2B3-6B81-4766-8846-64A654C80B85}.Release|x86.Build.0 = Release|Any CPU
		{F4F9BF9E-8536-42D1-A6C9-22AE7BBDAF52}.Debug|Any CPU.ActiveCfg = Debug|x64
		{F4F9BF9E-8536-42D1-A6C9-22AE7BBDAF52}.Debug|Any CPU.Build.0 = Debug|x64
		{F4F9BF9E-8536-42D1-A6C9-22AE7BBDAF52}.Debug|x64.ActiveCfg = Debug|x64
		{F4F9BF9E-8536-42D1-A6C9-22AE7BBDAF52}.Debug|x64.Build.0 = Debug|x64
		{F4F9BF9E-8536-42D1-A6C9-22AE7BBDAF52}.Debug|x86.ActiveCfg = Debug|Win32
		{F4F9BF9E-8536-42D1-A6C9-22AE7BBDAF52}.Debug|x86.Build.0 = Debug|Win32
		{F4F9BF9E-8536-42D1-A6C9-22AE7BBDAF52}.Release|Any CPU.ActiveCfg = Release|x64
		{F4F9BF9E-8536-42D1-A6C9-22AE7BBDAF52}.Release|Any CPU.Build.0 = Release|x64
		{F4F9BF9E-8536-42D1-A6C9-22AE7BBDAF52}.Release|x64.ActiveCfg = Release|x64
		{F4F9BF9E-8536-42D1-A6C9-22AE7BBDAF52}.Release|x64.Build.0 = Release|x64
		{F4F9BF9E-8536-42D1-A6C9-22AE7BBDAF52}.Release|x86.ActiveCfg = Release|Win32
		{F4F9BF9E-8536-42D1-A6C9-22AE7BBDAF52}.Release|x86.Build.0 = Release|Win32
	EndGlobalSection
	GlobalSection(SolutionProperties) = preSolution
		HideSolutionNode = FALSE
	EndGlobalSection
	GlobalSection(NestedProjects) = preSolution
		{A605D7D3-DA2F-4963-BF36-BF78A8058D5F} = {438CBF71-B84E-41C7-8876-1CD6E8328C74}
		{52BC8794-5681-48EC-A914-489E4DF20406} = {438CBF71-B84E-41C7-8876-1CD6E8328C74}
		{58D36248-1B83-4CE7-9094-E6AB8C1E3CDB} = {5DE0C24D-7CE2-4609-AE62-D2B8B0332D5D}
		{DD0A0A88-701E-42F7-9701-C1A94466CA65} = {5DE0C24D-7CE2-4609-AE62-D2B8B0332D5D}
		{6D89391A-D4F3-43C4-B39B-1C0E12ECCC74} = {5DE0C24D-7CE2-4609-AE62-D2B8B0332D5D}
		{212341D5-EEF1-419F-8C8A-E9D70562D557} = {6D89391A-D4F3-43C4-B39B-1C0E12ECCC74}
		{83324019-A201-49BF-883F-63F773736208} = {6D89391A-D4F3-43C4-B39B-1C0E12ECCC74}
		{6B041839-6F90-4210-A400-B181556BFFA4} = {6D89391A-D4F3-43C4-B39B-1C0E12ECCC74}
		{198F7158-72A7-4312-9E18-DA3375796EFA} = {6D89391A-D4F3-43C4-B39B-1C0E12ECCC74}
		{8C76D414-29FE-469E-A5B4-C133043344C6} = {25F3C7F0-5451-4458-99C5-240362D89A53}
		{006190F7-6117-45E4-876F-70D1B89299AF} = {25F3C7F0-5451-4458-99C5-240362D89A53}
		{E717D2B3-6B81-4766-8846-64A654C80B85} = {25F3C7F0-5451-4458-99C5-240362D89A53}
		{85C21E0D-EABD-4B94-9EE8-9BE99099C34B} = {25F3C7F0-5451-4458-99C5-240362D89A53}
		{78B663AC-1234-41CF-821D-3A8BA6EB8EE1} = {25F3C7F0-5451-4458-99C5-240362D89A53}
		{F4F9BF9E-8536-42D1-A6C9-22AE7BBDAF52} = {85C21E0D-EABD-4B94-9EE8-9BE99099C34B}
		{7958C914-EBA0-4482-81B1-5497CE9546FA} = {85C21E0D-EABD-4B94-9EE8-9BE99099C34B}
	EndGlobalSection
	GlobalSection(ExtensibilityGlobals) = postSolution
		SolutionGuid = {EC03B4DF-33E1-414D-9817-711928E6B2C3}
	EndGlobalSection
	GlobalSection(SharedMSBuildProjectFiles) = preSolution
		TypeCPipes\TypeCCommon\TypeCCommon.vcxitems*{006190f7-6117-45e4-876f-70d1b89299af}*SharedItemsImports = 4
		TypeBFileMap\TypeBPractical\PracticalCommon\PracticalCommon.vcxitems*{212341d5-eef1-419f-8c8a-e9d70562d557}*SharedItemsImports = 4
		TypeCPipes\TypeCPractical\CPPCommon\CPPCommon.vcxitems*{7958c914-eba0-4482-81b1-5497ce9546fa}*SharedItemsImports = 9
		TypeBFileMap\TypeBPractical\PracticalCommon\PracticalCommon.vcxitems*{83324019-a201-49bf-883f-63f773736208}*SharedItemsImports = 4
		TypeCPipes\TypeCCommon\TypeCCommon.vcxitems*{8c76d414-29fe-469e-a5b4-c133043344c6}*SharedItemsImports = 4
		TypeCPipes\TypeCPractical\CPPCommon\CPPCommon.vcxitems*{f4f9bf9e-8536-42d1-a6c9-22ae7bbdaf52}*SharedItemsImports = 4
	EndGlobalSection
EndGlobal
